
Microsoft Visual Studio Solution File, Format Version 12.00
Project("{FAE04EC0-301F-11D3-BF4B-00C04F79EFBC}") = "AHClaim.Domain", "AHClaim.Domain\AHClaim.Domain.csproj", "{28324D7C-D29E-4FCE-80B5-2B6337D2E346}"
EndProject
Project("{2150E333-8FDC-42A3-9474-1A3956D46DE8}") = "src", "src", "{852CF8CE-3DF4-4EEF-8199-BC8382FD045D}"
EndProject
Project("{2150E333-8FDC-42A3-9474-1A3956D46DE8}") = "test", "test", "{0862224F-CDE5-44E4-9257-33D3F239ACA1}"
EndProject
Project("{FAE04EC0-301F-11D3-BF4B-00C04F79EFBC}") = "AHClaim.App", "AHClaim.App\AHClaim.App.csproj", "{5BC2AF0D-EFE4-46A2-8D0A-A0548EB29D56}"
EndProject
Global
	GlobalSection(SolutionConfigurationPlatforms) = preSolution
		Debug|Any CPU = Debug|Any CPU
		Release|Any CPU = Release|Any CPU
	EndGlobalSection
	GlobalSection(ProjectConfigurationPlatforms) = postSolution
		{28324D7C-D29E-4FCE-80B5-2B6337D2E346}.Debug|Any CPU.ActiveCfg = Debug|Any CPU
		{28324D7C-D29E-4FCE-80B5-2B6337D2E346}.Debug|Any CPU.Build.0 = Debug|Any CPU
		{28324D7C-D29E-4FCE-80B5-2B6337D2E346}.Release|Any CPU.ActiveCfg = Release|Any CPU
		{28324D7C-D29E-4FCE-80B5-2B6337D2E346}.Release|Any CPU.Build.0 = Release|Any CPU
		{5BC2AF0D-EFE4-46A2-8D0A-A0548EB29D56}.Debug|Any CPU.ActiveCfg = Debug|Any CPU
		{5BC2AF0D-EFE4-46A2-8D0A-A0548EB29D56}.Debug|Any CPU.Build.0 = Debug|Any CPU
		{5BC2AF0D-EFE4-46A2-8D0A-A0548EB29D56}.Release|Any CPU.ActiveCfg = Release|Any CPU
		{5BC2AF0D-EFE4-46A2-8D0A-A0548EB29D56}.Release|Any CPU.Build.0 = Release|Any CPU
	EndGlobalSection
	GlobalSection(NestedProjects) = preSolution
		{28324D7C-D29E-4FCE-80B5-2B6337D2E346} = {852CF8CE-3DF4-4EEF-8199-BC8382FD045D}
		{5BC2AF0D-EFE4-46A2-8D0A-A0548EB29D56} = {852CF8CE-3DF4-4EEF-8199-BC8382FD045D}
	EndGlobalSection
EndGlobal
