
Microsoft Visual Studio Solution File, Format Version 12.00
Project("{2150E333-8FDC-42A3-9474-1A3956D46DE8}") = "src", "src", "{852CF8CE-3DF4-4EEF-8199-BC8382FD045D}"
EndProject
Project("{2150E333-8FDC-42A3-9474-1A3956D46DE8}") = "test", "test", "{0862224F-CDE5-44E4-9257-33D3F239ACA1}"
EndProject
Project("{FAE04EC0-301F-11D3-BF4B-00C04F79EFBC}") = "AHClaim.Domain", "AHClaim.Domain\AHClaim.Domain.csproj", "{9413D7DB-16B5-4E84-B114-C27418C1CEC1}"
EndProject
Project("{FAE04EC0-301F-11D3-BF4B-00C04F79EFBC}") = "AHClaim.App", "AHClaim.App\AHClaim.App.csproj", "{17A48A64-4CB4-483D-B3BB-CA9F1B053F02}"
EndProject
Global
	GlobalSection(SolutionConfigurationPlatforms) = preSolution
		Debug|Any CPU = Debug|Any CPU
		Release|Any CPU = Release|Any CPU
	EndGlobalSection
	GlobalSection(ProjectConfigurationPlatforms) = postSolution
		{9413D7DB-16B5-4E84-B114-C27418C1CEC1}.Debug|Any CPU.ActiveCfg = Debug|Any CPU
		{9413D7DB-16B5-4E84-B114-C27418C1CEC1}.Debug|Any CPU.Build.0 = Debug|Any CPU
		{9413D7DB-16B5-4E84-B114-C27418C1CEC1}.Release|Any CPU.ActiveCfg = Release|Any CPU
		{9413D7DB-16B5-4E84-B114-C27418C1CEC1}.Release|Any CPU.Build.0 = Release|Any CPU
		{17A48A64-4CB4-483D-B3BB-CA9F1B053F02}.Debug|Any CPU.ActiveCfg = Debug|Any CPU
		{17A48A64-4CB4-483D-B3BB-CA9F1B053F02}.Debug|Any CPU.Build.0 = Debug|Any CPU
		{17A48A64-4CB4-483D-B3BB-CA9F1B053F02}.Release|Any CPU.ActiveCfg = Release|Any CPU
		{17A48A64-4CB4-483D-B3BB-CA9F1B053F02}.Release|Any CPU.Build.0 = Release|Any CPU
	EndGlobalSection
	GlobalSection(NestedProjects) = preSolution
		{9413D7DB-16B5-4E84-B114-C27418C1CEC1} = {852CF8CE-3DF4-4EEF-8199-BC8382FD045D}
		{17A48A64-4CB4-483D-B3BB-CA9F1B053F02} = {852CF8CE-3DF4-4EEF-8199-BC8382FD045D}
	EndGlobalSection
EndGlobal
